// !$*UTF8*$!
{
	archiveVersion = 1;
	classes = {
	};
	objectVersion = 46;
	objects = {

/* Begin PBXBuildFile section */
		D642EAC21F4578BF00DE7375 /* main.m in Sources */ = {isa = PBXBuildFile; fileRef = D642EAC11F4578BF00DE7375 /* main.m */; };
		D642EAC51F4578BF00DE7375 /* AppDelegate.m in Sources */ = {isa = PBXBuildFile; fileRef = D642EAC41F4578BF00DE7375 /* AppDelegate.m */; };
		D642EAC81F4578BF00DE7375 /* ViewController.m in Sources */ = {isa = PBXBuildFile; fileRef = D642EAC71F4578BF00DE7375 /* ViewController.m */; };
		D642EACB1F4578BF00DE7375 /* Main.storyboard in Resources */ = {isa = PBXBuildFile; fileRef = D642EAC91F4578BF00DE7375 /* Main.storyboard */; };
		D642EACD1F4578BF00DE7375 /* Assets.xcassets in Resources */ = {isa = PBXBuildFile; fileRef = D642EACC1F4578BF00DE7375 /* Assets.xcassets */; };
		D642EAD01F4578BF00DE7375 /* LaunchScreen.storyboard in Resources */ = {isa = PBXBuildFile; fileRef = D642EACE1F4578BF00DE7375 /* LaunchScreen.storyboard */; };
		D642EADA1F45793000DE7375 /* TableViewCell1.m in Sources */ = {isa = PBXBuildFile; fileRef = D642EAD81F45793000DE7375 /* TableViewCell1.m */; };
		D642EADB1F45793000DE7375 /* TableViewCell1.xib in Resources */ = {isa = PBXBuildFile; fileRef = D642EAD91F45793000DE7375 /* TableViewCell1.xib */; };
		D642EADF1F457B5400DE7375 /* TableViewCell2.m in Sources */ = {isa = PBXBuildFile; fileRef = D642EADD1F457B5400DE7375 /* TableViewCell2.m */; };
		D642EAE01F457B5400DE7375 /* TableViewCell2.xib in Resources */ = {isa = PBXBuildFile; fileRef = D642EADE1F457B5400DE7375 /* TableViewCell2.xib */; };
		D642EAE21F45802E00DE7375 /* dog.jpg in Resources */ = {isa = PBXBuildFile; fileRef = D642EAE11F45802E00DE7375 /* dog.jpg */; };
/* End PBXBuildFile section */

/* Begin PBXFileReference section */
		D642EABD1F4578BF00DE7375 /* DrawDemo.app */ = {isa = PBXFileReference; explicitFileType = wrapper.application; includeInIndex = 0; path = DrawDemo.app; sourceTree = BUILT_PRODUCTS_DIR; };
		D642EAC11F4578BF00DE7375 /* main.m */ = {isa = PBXFileReference; lastKnownFileType = sourcecode.c.objc; path = main.m; sourceTree = "<group>"; };
		D642EAC31F4578BF00DE7375 /* AppDelegate.h */ = {isa = PBXFileReference; lastKnownFileType = sourcecode.c.h; path = AppDelegate.h; sourceTree = "<group>"; };
		D642EAC41F4578BF00DE7375 /* AppDelegate.m */ = {isa = PBXFileReference; lastKnownFileType = sourcecode.c.objc; path = AppDelegate.m; sourceTree = "<group>"; };
		D642EAC61F4578BF00DE7375 /* ViewController.h */ = {isa = PBXFileReference; lastKnownFileType = sourcecode.c.h; path = ViewController.h; sourceTree = "<group>"; };
		D642EAC71F4578BF00DE7375 /* ViewController.m */ = {isa = PBXFileReference; lastKnownFileType = sourcecode.c.objc; path = ViewController.m; sourceTree = "<group>"; };
		D642EACA1F4578BF00DE7375 /* Base */ = {isa = PBXFileReference; lastKnownFileType = file.storyboard; name = Base; path = Base.lproj/Main.storyboard; sourceTree = "<group>"; };
		D642EACC1F4578BF00DE7375 /* Assets.xcassets */ = {isa = PBXFileReference; lastKnownFileType = folder.assetcatalog; path = Assets.xcassets; sourceTree = "<group>"; };
		D642EACF1F4578BF00DE7375 /* Base */ = {isa = PBXFileReference; lastKnownFileType = file.storyboard; name = Base; path = Base.lproj/LaunchScreen.storyboard; sourceTree = "<group>"; };
		D642EAD11F4578BF00DE7375 /* Info.plist */ = {isa = PBXFileReference; lastKnownFileType = text.plist.xml; path = Info.plist; sourceTree = "<group>"; };
		D642EAD71F45793000DE7375 /* TableViewCell1.h */ = {isa = PBXFileReference; fileEncoding = 4; lastKnownFileType = sourcecode.c.h; path = TableViewCell1.h; sourceTree = "<group>"; };
		D642EAD81F45793000DE7375 /* TableViewCell1.m */ = {isa = PBXFileReference; fileEncoding = 4; lastKnownFileType = sourcecode.c.objc; path = TableViewCell1.m; sourceTree = "<group>"; };
		D642EAD91F45793000DE7375 /* TableViewCell1.xib */ = {isa = PBXFileReference; fileEncoding = 4; lastKnownFileType = file.xib; path = TableViewCell1.xib; sourceTree = "<group>"; };
		D642EADC1F457B5400DE7375 /* TableViewCell2.h */ = {isa = PBXFileReference; fileEncoding = 4; lastKnownFileType = sourcecode.c.h; path = TableViewCell2.h; sourceTree = "<group>"; };
		D642EADD1F457B5400DE7375 /* TableViewCell2.m */ = {isa = PBXFileReference; fileEncoding = 4; lastKnownFileType = sourcecode.c.objc; path = TableViewCell2.m; sourceTree = "<group>"; };
		D642EADE1F457B5400DE7375 /* TableViewCell2.xib */ = {isa = PBXFileReference; fileEncoding = 4; lastKnownFileType = file.xib; path = TableViewCell2.xib; sourceTree = "<group>"; };
		D642EAE11F45802E00DE7375 /* dog.jpg */ = {isa = PBXFileReference; lastKnownFileType = image.jpeg; path = dog.jpg; sourceTree = "<group>"; };
/* End PBXFileReference section */

/* Begin PBXFrameworksBuildPhase section */
		D642EABA1F4578BF00DE7375 /* Frameworks */ = {
			isa = PBXFrameworksBuildPhase;
			buildActionMask = 2147483647;
			files = (
			);
			runOnlyForDeploymentPostprocessing = 0;
		};
/* End PBXFrameworksBuildPhase section */

/* Begin PBXGroup section */
		D642EAB41F4578BF00DE7375 = {
			isa = PBXGroup;
			children = (
				D642EABF1F4578BF00DE7375 /* DrawDemo */,
				D642EABE1F4578BF00DE7375 /* Products */,
			);
			sourceTree = "<group>";
		};
		D642EABE1F4578BF00DE7375 /* Products */ = {
			isa = PBXGroup;
			children = (
				D642EABD1F4578BF00DE7375 /* DrawDemo.app */,
			);
			name = Products;
			sourceTree = "<group>";
		};
		D642EABF1F4578BF00DE7375 /* DrawDemo */ = {
			isa = PBXGroup;
			children = (
				D642EAC31F4578BF00DE7375 /* AppDelegate.h */,
				D642EAC41F4578BF00DE7375 /* AppDelegate.m */,
				D642EAC61F4578BF00DE7375 /* ViewController.h */,
				D642EAC71F4578BF00DE7375 /* ViewController.m */,
				D642EADC1F457B5400DE7375 /* TableViewCell2.h */,
				D642EADD1F457B5400DE7375 /* TableViewCell2.m */,
				D642EADE1F457B5400DE7375 /* TableViewCell2.xib */,
				D642EAD71F45793000DE7375 /* TableViewCell1.h */,
				D642EAD81F45793000DE7375 /* TableViewCell1.m */,
				D642EAD91F45793000DE7375 /* TableViewCell1.xib */,
				D642EAC91F4578BF00DE7375 /* Main.storyboard */,
				D642EACC1F4578BF00DE7375 /* Assets.xcassets */,
				D642EAE11F45802E00DE7375 /* dog.jpg */,
				D642EACE1F4578BF00DE7375 /* LaunchScreen.storyboard */,
				D642EAD11F4578BF00DE7375 /* Info.plist */,
				D642EAC01F4578BF00DE7375 /* Supporting Files */,
			);
			path = DrawDemo;
			sourceTree = "<group>";
		};
		D642EAC01F4578BF00DE7375 /* Supporting Files */ = {
			isa = PBXGroup;
			children = (
				D642EAC11F4578BF00DE7375 /* main.m */,
			);
			name = "Supporting Files";
			sourceTree = "<group>";
		};
/* End PBXGroup section */

/* Begin PBXNativeTarget section */
		D642EABC1F4578BF00DE7375 /* DrawDemo */ = {
			isa = PBXNativeTarget;
			buildConfigurationList = D642EAD41F4578BF00DE7375 /* Build configuration list for PBXNativeTarget "DrawDemo" */;
			buildPhases = (
				D642EAB91F4578BF00DE7375 /* Sources */,
				D642EABA1F4578BF00DE7375 /* Frameworks */,
				D642EABB1F4578BF00DE7375 /* Resources */,
			);
			buildRules = (
			);
			dependencies = (
			);
			name = DrawDemo;
			productName = DrawDemo;
			productReference = D642EABD1F4578BF00DE7375 /* DrawDemo.app */;
			productType = "com.apple.product-type.application";
		};
/* End PBXNativeTarget section */

/* Begin PBXProject section */
		D642EAB51F4578BF00DE7375 /* Project object */ = {
			isa = PBXProject;
			attributes = {
				LastUpgradeCheck = 0830;
				ORGANIZATIONNAME = DevGuan;
				TargetAttributes = {
					D642EABC1F4578BF00DE7375 = {
						CreatedOnToolsVersion = 8.3.3;
						ProvisioningStyle = Automatic;
					};
				};
			};
			buildConfigurationList = D642EAB81F4578BF00DE7375 /* Build configuration list for PBXProject "DrawDemo" */;
			compatibilityVersion = "Xcode 3.2";
			developmentRegion = English;
			hasScannedForEncodings = 0;
			knownRegions = (
				en,
				Base,
			);
			mainGroup = D642EAB41F4578BF00DE7375;
			productRefGroup = D642EABE1F4578BF00DE7375 /* Products */;
			projectDirPath = "";
			projectRoot = "";
			targets = (
				D642EABC1F4578BF00DE7375 /* DrawDemo */,
			);
		};
/* End PBXProject section */

/* Begin PBXResourcesBuildPhase section */
		D642EABB1F4578BF00DE7375 /* Resources */ = {
			isa = PBXResourcesBuildPhase;
			buildActionMask = 2147483647;
			files = (
				D642EAE01F457B5400DE7375 /* TableViewCell2.xib in Resources */,
				D642EAD01F4578BF00DE7375 /* LaunchScreen.storyboard in Resources */,
				D642EACD1F4578BF00DE7375 /* Assets.xcassets in Resources */,
				D642EAE21F45802E00DE7375 /* dog.jpg in Resources */,
				D642EACB1F4578BF00DE7375 /* Main.storyboard in Resources */,
				D642EADB1F45793000DE7375 /* TableViewCell1.xib in Resources */,
			);
			runOnlyForDeploymentPostprocessing = 0;
		};
/* End PBXResourcesBuildPhase section */

/* Begin PBXSourcesBuildPhase section */
		D642EAB91F4578BF00DE7375 /* Sources */ = {
			isa = PBXSourcesBuildPhase;
			buildActionMask = 2147483647;
			files = (
				D642EADF1F457B5400DE7375 /* TableViewCell2.m in Sources */,
				D642EAC81F4578BF00DE7375 /* ViewController.m in Sources */,
				D642EAC51F4578BF00DE7375 /* AppDelegate.m in Sources */,
				D642EAC21F4578BF00DE7375 /* main.m in Sources */,
				D642EADA1F45793000DE7375 /* TableViewCell1.m in Sources */,
			);
			runOnlyForDeploymentPostprocessing = 0;
		};
/* End PBXSourcesBuildPhase section */

/* Begin PBXVariantGroup section */
		D642EAC91F4578BF00DE7375 /* Main.storyboard */ = {
			isa = PBXVariantGroup;
			children = (
				D642EACA1F4578BF00DE7375 /* Base */,
			);
			name = Main.storyboard;
			sourceTree = "<group>";
		};
		D642EACE1F4578BF00DE7375 /* LaunchScreen.storyboard */ = {
			isa = PBXVariantGroup;
			children = (
				D642EACF1F4578BF00DE7375 /* Base */,
			);
			name = LaunchScreen.storyboard;
			sourceTree = "<group>";
		};
/* End PBXVariantGroup section */

/* Begin XCBuildConfiguration section */
		D642EAD21F4578BF00DE7375 /* Debug */ = {
			isa = XCBuildConfiguration;
			buildSettings = {
				ALWAYS_SEARCH_USER_PATHS = NO;
				CLANG_ANALYZER_NONNULL = YES;
				CLANG_ANALYZER_NUMBER_OBJECT_CONVERSION = YES_AGGRESSIVE;
				CLANG_CXX_LANGUAGE_STANDARD = "gnu++0x";
				CLANG_CXX_LIBRARY = "libc++";
				CLANG_ENABLE_MODULES = YES;
				CLANG_ENABLE_OBJC_ARC = YES;
				CLANG_WARN_BOOL_CONVERSION = YES;
				CLANG_WARN_CONSTANT_CONVERSION = YES;
				CLANG_WARN_DIRECT_OBJC_ISA_USAGE = YES_ERROR;
				CLANG_WARN_DOCUMENTATION_COMMENTS = YES;
				CLANG_WARN_EMPTY_BODY = YES;
				CLANG_WARN_ENUM_CONVERSION = YES;
				CLANG_WARN_INFINITE_RECURSION = YES;
				CLANG_WARN_INT_CONVERSION = YES;
				CLANG_WARN_OBJC_ROOT_CLASS = YES_ERROR;
				CLANG_WARN_SUSPICIOUS_MOVE = YES;
				CLANG_WARN_UNREACHABLE_CODE = YES;
				CLANG_WARN__DUPLICATE_METHOD_MATCH = YES;
				"CODE_SIGN_IDENTITY[sdk=iphoneos*]" = "iPhone Developer";
				COPY_PHASE_STRIP = NO;
				DEBUG_INFORMATION_FORMAT = dwarf;
				ENABLE_STRICT_OBJC_MSGSEND = YES;
				ENABLE_TESTABILITY = YES;
				GCC_C_LANGUAGE_STANDARD = gnu99;
				GCC_DYNAMIC_NO_PIC = NO;
				GCC_NO_COMMON_BLOCKS = YES;
				GCC_OPTIMIZATION_LEVEL = 0;
				GCC_PREPROCESSOR_DEFINITIONS = (
					"DEBUG=1",
					"$(inherited)",
				);
				GCC_WARN_64_TO_32_BIT_CONVERSION = YES;
				GCC_WARN_ABOUT_RETURN_TYPE = YES_ERROR;
				GCC_WARN_UNDECLARED_SELECTOR = YES;
				GCC_WARN_UNINITIALIZED_AUTOS = YES_AGGRESSIVE;
				GCC_WARN_UNUSED_FUNCTION = YES;
				GCC_WARN_UNUSED_VARIABLE = YES;
				IPHONEOS_DEPLOYMENT_TARGET = 10.3;
				MTL_ENABLE_DEBUG_INFO = YES;
				ONLY_ACTIVE_ARCH = YES;
				SDKROOT = iphoneos;
				TARGETED_DEVICE_FAMILY = "1,2";
			};
			name = Debug;
		};
		D642EAD31F4578BF00DE7375 /* Release */ = {
			isa = XCBuildConfiguration;
			buildSettings = {
				ALWAYS_SEARCH_USER_PATHS = NO;
				CLANG_ANALYZER_NONNULL = YES;
				CLANG_ANALYZER_NUMBER_OBJECT_CONVERSION = YES_AGGRESSIVE;
				CLANG_CXX_LANGUAGE_STANDARD = "gnu++0x";
				CLANG_CXX_LIBRARY = "libc++";
				CLANG_ENABLE_MODULES = YES;
				CLANG_ENABLE_OBJC_ARC = YES;
				CLANG_WARN_BOOL_CONVERSION = YES;
				CLANG_WARN_CONSTANT_CONVERSION = YES;
				CLANG_WARN_DIRECT_OBJC_ISA_USAGE = YES_ERROR;
				CLANG_WARN_DOCUMENTATION_COMMENTS = YES;
				CLANG_WARN_EMPTY_BODY = YES;
				CLANG_WARN_ENUM_CONVERSION = YES;
				CLANG_WARN_INFINITE_RECURSION = YES;
				CLANG_WARN_INT_CONVERSION = YES;
				CLANG_WARN_OBJC_ROOT_CLASS = YES_ERROR;
				CLANG_WARN_SUSPICIOUS_MOVE = YES;
				CLANG_WARN_UNREACHABLE_CODE = YES;
				CLANG_WARN__DUPLICATE_METHOD_MATCH = YES;
				"CODE_SIGN_IDENTITY[sdk=iphoneos*]" = "iPhone Developer";
				COPY_PHASE_STRIP = NO;
				DEBUG_INFORMATION_FORMAT = "dwarf-with-dsym";
				ENABLE_NS_ASSERTIONS = NO;
				ENABLE_STRICT_OBJC_MSGSEND = YES;
				GCC_C_LANGUAGE_STANDARD = gnu99;
				GCC_NO_COMMON_BLOCKS = YES;
				GCC_WARN_64_TO_32_BIT_CONVERSION = YES;
				GCC_WARN_ABOUT_RETURN_TYPE = YES_ERROR;
				GCC_WARN_UNDECLARED_SELECTOR = YES;
				GCC_WARN_UNINITIALIZED_AUTOS = YES_AGGRESSIVE;
				GCC_WARN_UNUSED_FUNCTION = YES;
				GCC_WARN_UNUSED_VARIABLE = YES;
				IPHONEOS_DEPLOYMENT_TARGET = 10.3;
				MTL_ENABLE_DEBUG_INFO = NO;
				SDKROOT = iphoneos;
				TARGETED_DEVICE_FAMILY = "1,2";
				VALIDATE_PRODUCT = YES;
			};
			name = Release;
		};
		D642EAD51F4578BF00DE7375 /* Debug */ = {
			isa = XCBuildConfiguration;
			buildSettings = {
				ASSETCATALOG_COMPILER_APPICON_NAME = AppIcon;
				INFOPLIST_FILE = DrawDemo/Info.plist;
				IPHONEOS_DEPLOYMENT_TARGET = 8.0;
				LD_RUNPATH_SEARCH_PATHS = "$(inherited) @executable_path/Frameworks";
				PRODUCT_BUNDLE_IDENTIFIER = com.yoins.app.DrawDemo;
				PRODUCT_NAME = "$(TARGET_NAME)";
			};
			name = Debug;
		};
		D642EAD61F4578BF00DE7375 /* Release */ = {
			isa = XCBuildConfiguration;
			buildSettings = {
				ASSETCATALOG_COMPILER_APPICON_NAME = AppIcon;
				INFOPLIST_FILE = DrawDemo/Info.plist;
				IPHONEOS_DEPLOYMENT_TARGET = 8.0;
				LD_RUNPATH_SEARCH_PATHS = "$(inherited) @executable_path/Frameworks";
				PRODUCT_BUNDLE_IDENTIFIER = com.yoins.app.DrawDemo;
				PRODUCT_NAME = "$(TARGET_NAME)";
			};
			name = Release;
		};
/* End XCBuildConfiguration section */

/* Begin XCConfigurationList section */
		D642EAB81F4578BF00DE7375 /* Build configuration list for PBXProject "DrawDemo" */ = {
			isa = XCConfigurationList;
			buildConfigurations = (
				D642EAD21F4578BF00DE7375 /* Debug */,
				D642EAD31F4578BF00DE7375 /* Release */,
			);
			defaultConfigurationIsVisible = 0;
			defaultConfigurationName = Release;
		};
		D642EAD41F4578BF00DE7375 /* Build configuration list for PBXNativeTarget "DrawDemo" */ = {
			isa = XCConfigurationList;
			buildConfigurations = (
				D642EAD51F4578BF00DE7375 /* Debug */,
				D642EAD61F4578BF00DE7375 /* Release */,
			);
			defaultConfigurationIsVisible = 0;
		};
/* End XCConfigurationList section */
	};
	rootObject = D642EAB51F4578BF00DE7375 /* Project object */;
}
